
Microsoft Visual Studio Solution File, Format Version 12.00
# Visual Studio Version 17
VisualStudioVersion = 17.1.32228.430
MinimumVisualStudioVersion = 10.0.40219.1
Project("{9A19103F-16F7-4668-BE54-9A1E7A4F7556}") = "12.1", "12.1\12.1.csproj", "{8C7659A9-77BF-41E8-B43F-FC3BB3A0354B}"
EndProject
Project("{2150E333-8FDC-42A3-9474-1A3956D46DE8}") = "Solution Items", "Solution Items", "{6FBCEC07-E13D-40C7-A175-11C27BE36296}"
	ProjectSection(SolutionItems) = preProject
		.editorconfig = .editorconfig
	EndProjectSection
EndProject
Global
	GlobalSection(SolutionConfigurationPlatforms) = preSolution
		Debug|Any CPU = Debug|Any CPU
		Release|Any CPU = Release|Any CPU
	EndGlobalSection
	GlobalSection(ProjectConfigurationPlatforms) = postSolution
		{8C7659A9-77BF-41E8-B43F-FC3BB3A0354B}.Debug|Any CPU.ActiveCfg = Debug|Any CPU
		{8C7659A9-77BF-41E8-B43F-FC3BB3A0354B}.Debug|Any CPU.Build.0 = Debug|Any CPU
		{8C7659A9-77BF-41E8-B43F-FC3BB3A0354B}.Release|Any CPU.ActiveCfg = Release|Any CPU
		{8C7659A9-77BF-41E8-B43F-FC3BB3A0354B}.Release|Any CPU.Build.0 = Release|Any CPU
	EndGlobalSection
	GlobalSection(SolutionProperties) = preSolution
		HideSolutionNode = FALSE
	EndGlobalSection
	GlobalSection(ExtensibilityGlobals) = postSolution
		SolutionGuid = {E78F44E8-B82E-41BC-98B6-F90926EC5E08}
	EndGlobalSection
EndGlobal
